
Microsoft Visual Studio Solution File, Format Version 12.00
# Visual Studio Version 16
VisualStudioVersion = 16.0.30114.105
MinimumVisualStudioVersion = 10.0.40219.1
Project("{8BC9CEB8-8B4A-11D0-8D11-00A0C91BC942}") = "Problema80", "Problema80\Problema80.vcxproj", "{77C236AA-342A-41DB-B9AC-EA0A36ACDF44}"
EndProject
Global
	GlobalSection(SolutionConfigurationPlatforms) = preSolution
		Debug|x64 = Debug|x64
		Debug|x86 = Debug|x86
		Release|x64 = Release|x64
		Release|x86 = Release|x86
	EndGlobalSection
	GlobalSection(ProjectConfigurationPlatforms) = postSolution
		{77C236AA-342A-41DB-B9AC-EA0A36ACDF44}.Debug|x64.ActiveCfg = Debug|x64
		{77C236AA-342A-41DB-B9AC-EA0A36ACDF44}.Debug|x64.Build.0 = Debug|x64
		{77C236AA-342A-41DB-B9AC-EA0A36ACDF44}.Debug|x86.ActiveCfg = Debug|Win32
		{77C236AA-342A-41DB-B9AC-EA0A36ACDF44}.Debug|x86.Build.0 = Debug|Win32
		{77C236AA-342A-41DB-B9AC-EA0A36ACDF44}.Release|x64.ActiveCfg = Release|x64
		{77C236AA-342A-41DB-B9AC-EA0A36ACDF44}.Release|x64.Build.0 = Release|x64
		{77C236AA-342A-41DB-B9AC-EA0A36ACDF44}.Release|x86.ActiveCfg = Release|Win32
		{77C236AA-342A-41DB-B9AC-EA0A36ACDF44}.Release|x86.Build.0 = Release|Win32
	EndGlobalSection
	GlobalSection(SolutionProperties) = preSolution
		HideSolutionNode = FALSE
	EndGlobalSection
	GlobalSection(ExtensibilityGlobals) = postSolution
		SolutionGuid = {BF322731-3745-4553-B05E-9420946B958C}
	EndGlobalSection
EndGlobal
