
Microsoft Visual Studio Solution File, Format Version 12.00
# Visual Studio Version 16
VisualStudioVersion = 16.0.28803.452
MinimumVisualStudioVersion = 10.0.40219.1
Project("{8BC9CEB8-8B4A-11D0-8D11-00A0C91BC942}") = "Problema32", "Problema32\Problema32.vcxproj", "{53A2604D-ADA5-4886-AE13-4F6A7134B702}"
EndProject
Global
	GlobalSection(SolutionConfigurationPlatforms) = preSolution
		Debug|x64 = Debug|x64
		Debug|x86 = Debug|x86
		Release|x64 = Release|x64
		Release|x86 = Release|x86
	EndGlobalSection
	GlobalSection(ProjectConfigurationPlatforms) = postSolution
		{53A2604D-ADA5-4886-AE13-4F6A7134B702}.Debug|x64.ActiveCfg = Debug|x64
		{53A2604D-ADA5-4886-AE13-4F6A7134B702}.Debug|x64.Build.0 = Debug|x64
		{53A2604D-ADA5-4886-AE13-4F6A7134B702}.Debug|x86.ActiveCfg = Debug|Win32
		{53A2604D-ADA5-4886-AE13-4F6A7134B702}.Debug|x86.Build.0 = Debug|Win32
		{53A2604D-ADA5-4886-AE13-4F6A7134B702}.Release|x64.ActiveCfg = Release|x64
		{53A2604D-ADA5-4886-AE13-4F6A7134B702}.Release|x64.Build.0 = Release|x64
		{53A2604D-ADA5-4886-AE13-4F6A7134B702}.Release|x86.ActiveCfg = Release|Win32
		{53A2604D-ADA5-4886-AE13-4F6A7134B702}.Release|x86.Build.0 = Release|Win32
	EndGlobalSection
	GlobalSection(SolutionProperties) = preSolution
		HideSolutionNode = FALSE
	EndGlobalSection
	GlobalSection(ExtensibilityGlobals) = postSolution
		SolutionGuid = {AEFE0BB6-C725-444B-8284-968E83ADAF4E}
	EndGlobalSection
EndGlobal
