
Microsoft Visual Studio Solution File, Format Version 12.00
# Visual Studio Version 16
VisualStudioVersion = 16.0.30114.105
MinimumVisualStudioVersion = 10.0.40219.1
Project("{8BC9CEB8-8B4A-11D0-8D11-00A0C91BC942}") = "Problema8", "Problema8\Problema8.vcxproj", "{29B29F6A-05EE-471E-B8C6-6A1472891666}"
EndProject
Global
	GlobalSection(SolutionConfigurationPlatforms) = preSolution
		Debug|x64 = Debug|x64
		Debug|x86 = Debug|x86
		Release|x64 = Release|x64
		Release|x86 = Release|x86
	EndGlobalSection
	GlobalSection(ProjectConfigurationPlatforms) = postSolution
		{29B29F6A-05EE-471E-B8C6-6A1472891666}.Debug|x64.ActiveCfg = Debug|x64
		{29B29F6A-05EE-471E-B8C6-6A1472891666}.Debug|x64.Build.0 = Debug|x64
		{29B29F6A-05EE-471E-B8C6-6A1472891666}.Debug|x86.ActiveCfg = Debug|Win32
		{29B29F6A-05EE-471E-B8C6-6A1472891666}.Debug|x86.Build.0 = Debug|Win32
		{29B29F6A-05EE-471E-B8C6-6A1472891666}.Release|x64.ActiveCfg = Release|x64
		{29B29F6A-05EE-471E-B8C6-6A1472891666}.Release|x64.Build.0 = Release|x64
		{29B29F6A-05EE-471E-B8C6-6A1472891666}.Release|x86.ActiveCfg = Release|Win32
		{29B29F6A-05EE-471E-B8C6-6A1472891666}.Release|x86.Build.0 = Release|Win32
	EndGlobalSection
	GlobalSection(SolutionProperties) = preSolution
		HideSolutionNode = FALSE
	EndGlobalSection
	GlobalSection(ExtensibilityGlobals) = postSolution
		SolutionGuid = {85805BF6-E321-4B60-98FD-F60B4A2B0FC6}
	EndGlobalSection
EndGlobal
